
Microsoft Visual Studio Solution File, Format Version 12.00
Project("{2150E333-8FDC-42A3-9474-1A3956D46DE8}") = "Catalog", "Catalog", "{559D14AD-52DF-453B-91C8-5ADAFAC2FFE2}"
EndProject
Project("{FAE04EC0-301F-11D3-BF4B-00C04F79EFBC}") = "Catalog.Host", "Catalog.Host\Catalog.Host.csproj", "{EE79E7ED-26FF-4910-9268-9FD0B03B8DCB}"
EndProject
Project("{FAE04EC0-301F-11D3-BF4B-00C04F79EFBC}") = "Catalog.UnitTests", "Catalog.UnitTests\Catalog.UnitTests.csproj", "{BBA5351D-9A23-477A-B24C-873BAD768FF7}"
EndProject
Project("{FAE04EC0-301F-11D3-BF4B-00C04F79EFBC}") = "Infrastructure", "Infrastructure\Infrastructure.csproj", "{5CD97294-7A6D-45D6-AE2F-34DFAECA82B6}"
EndProject
Project("{FAE04EC0-301F-11D3-BF4B-00C04F79EFBC}") = "MVC", "MVC\MVC.csproj", "{AC3EFB2A-3DFD-4E2E-B627-D4040106ABD6}"
EndProject
Project("{FAE04EC0-301F-11D3-BF4B-00C04F79EFBC}") = "Proxy", "Proxy\Proxy.csproj", "{F3F3CB99-BDA5-406A-A8CC-B1A34444168B}"
EndProject
Project("{FAE04EC0-301F-11D3-BF4B-00C04F79EFBC}") = "Basket.Host", "Basket.Host\Basket.Host.csproj", "{03E7C390-7554-4EA2-A4C2-F1AC58FAD63B}"
EndProject
Project("{FAE04EC0-301F-11D3-BF4B-00C04F79EFBC}") = "IdentityServer", "IdentityServer3\IdentityServer\IdentityServer.csproj", "{8889C800-A45F-4D22-A11D-BA4493A6FD42}"
EndProject
Project("{FAE04EC0-301F-11D3-BF4B-00C04F79EFBC}") = "Infrastructure.RateLimit", "Infrastructure.RateLimit\Infrastructure.RateLimit.csproj", "{93764356-83CA-4042-98DA-A69A8EB8DC47}"
EndProject


Global
	GlobalSection(SolutionConfigurationPlatforms) = preSolution
		Debug|Any CPU = Debug|Any CPU
		Release|Any CPU = Release|Any CPU
	EndGlobalSection
	GlobalSection(NestedProjects) = preSolution
		{EE79E7ED-26FF-4910-9268-9FD0B03B8DCB} = {559D14AD-52DF-453B-91C8-5ADAFAC2FFE2}
		{BBA5351D-9A23-477A-B24C-873BAD768FF7} = {559D14AD-52DF-453B-91C8-5ADAFAC2FFE2}
		{AC3EFB2A-3DFD-4E2E-B627-D4040106ABD6} = {559D14AD-52DF-453B-91C8-5ADAFAC2FFE2}
		{5CD97294-7A6D-45D6-AE2F-34DFAECA82B6} = {559D14AD-52DF-453B-91C8-5ADAFAC2FFE2}
		{F3F3CB99-BDA5-406A-A8CC-B1A34444168B} = {559D14AD-52DF-453B-91C8-5ADAFAC2FFE2}

	EndGlobalSection
	GlobalSection(ProjectConfigurationPlatforms) = postSolution
		{EE79E7ED-26FF-4910-9268-9FD0B03B8DCB}.Debug|Any CPU.ActiveCfg = Debug|Any CPU
		{EE79E7ED-26FF-4910-9268-9FD0B03B8DCB}.Debug|Any CPU.Build.0 = Debug|Any CPU
		{EE79E7ED-26FF-4910-9268-9FD0B03B8DCB}.Release|Any CPU.ActiveCfg = Release|Any CPU
		{EE79E7ED-26FF-4910-9268-9FD0B03B8DCB}.Release|Any CPU.Build.0 = Release|Any CPU
		{BBA5351D-9A23-477A-B24C-873BAD768FF7}.Debug|Any CPU.ActiveCfg = Debug|Any CPU
		{BBA5351D-9A23-477A-B24C-873BAD768FF7}.Debug|Any CPU.Build.0 = Debug|Any CPU
		{BBA5351D-9A23-477A-B24C-873BAD768FF7}.Release|Any CPU.ActiveCfg = Release|Any CPU
		{BBA5351D-9A23-477A-B24C-873BAD768FF7}.Release|Any CPU.Build.0 = Release|Any CPU
		{5CD97294-7A6D-45D6-AE2F-34DFAECA82B6}.Debug|Any CPU.ActiveCfg = Debug|Any CPU
		{5CD97294-7A6D-45D6-AE2F-34DFAECA82B6}.Debug|Any CPU.Build.0 = Debug|Any CPU
		{5CD97294-7A6D-45D6-AE2F-34DFAECA82B6}.Release|Any CPU.ActiveCfg = Release|Any CPU
		{5CD97294-7A6D-45D6-AE2F-34DFAECA82B6}.Release|Any CPU.Build.0 = Release|Any CPU
		{AC3EFB2A-3DFD-4E2E-B627-D4040106ABD6}.Debug|Any CPU.ActiveCfg = Debug|Any CPU
		{AC3EFB2A-3DFD-4E2E-B627-D4040106ABD6}.Debug|Any CPU.Build.0 = Debug|Any CPU
		{AC3EFB2A-3DFD-4E2E-B627-D4040106ABD6}.Release|Any CPU.ActiveCfg = Release|Any CPU
		{AC3EFB2A-3DFD-4E2E-B627-D4040106ABD6}.Release|Any CPU.Build.0 = Release|Any CPU
		{F3F3CB99-BDA5-406A-A8CC-B1A34444168B}.Debug|Any CPU.ActiveCfg = Debug|Any CPU
		{F3F3CB99-BDA5-406A-A8CC-B1A34444168B}.Debug|Any CPU.Build.0 = Debug|Any CPU
		{F3F3CB99-BDA5-406A-A8CC-B1A34444168B}.Release|Any CPU.ActiveCfg = Release|Any CPU
		{F3F3CB99-BDA5-406A-A8CC-B1A34444168B}.Release|Any CPU.Build.0 = Release|Any CPU
		{46E42C9B-3654-4114-AF08-25EBEAD4353C}.Debug|Any CPU.ActiveCfg = Debug|Any CPU
		{46E42C9B-3654-4114-AF08-25EBEAD4353C}.Debug|Any CPU.Build.0 = Debug|Any CPU
		{46E42C9B-3654-4114-AF08-25EBEAD4353C}.Release|Any CPU.ActiveCfg = Release|Any CPU
		{46E42C9B-3654-4114-AF08-25EBEAD4353C}.Release|Any CPU.Build.0 = Release|Any CPU
		{DBA2674A-C818-4D01-8D31-518EBA4B2E2B}.Debug|Any CPU.ActiveCfg = Debug|Any CPU
		{DBA2674A-C818-4D01-8D31-518EBA4B2E2B}.Debug|Any CPU.Build.0 = Debug|Any CPU
		{DBA2674A-C818-4D01-8D31-518EBA4B2E2B}.Release|Any CPU.ActiveCfg = Release|Any CPU
		{DBA2674A-C818-4D01-8D31-518EBA4B2E2B}.Release|Any CPU.Build.0 = Release|Any CPU
		{CAB1F2C0-340E-4225-89E7-B5999E0AA8C7}.Debug|Any CPU.ActiveCfg = Debug|Any CPU
		{CAB1F2C0-340E-4225-89E7-B5999E0AA8C7}.Debug|Any CPU.Build.0 = Debug|Any CPU
		{CAB1F2C0-340E-4225-89E7-B5999E0AA8C7}.Release|Any CPU.ActiveCfg = Release|Any CPU
		{CAB1F2C0-340E-4225-89E7-B5999E0AA8C7}.Release|Any CPU.Build.0 = Release|Any CPU
		{D2395059-EAAB-477D-85D6-6ED666FEBE38}.Debug|Any CPU.ActiveCfg = Debug|Any CPU
		{D2395059-EAAB-477D-85D6-6ED666FEBE38}.Debug|Any CPU.Build.0 = Debug|Any CPU
		{D2395059-EAAB-477D-85D6-6ED666FEBE38}.Release|Any CPU.ActiveCfg = Release|Any CPU
		{D2395059-EAAB-477D-85D6-6ED666FEBE38}.Release|Any CPU.Build.0 = Release|Any CPU
		{03E7C390-7554-4EA2-A4C2-F1AC58FAD63B}.Debug|Any CPU.ActiveCfg = Debug|Any CPU
		{03E7C390-7554-4EA2-A4C2-F1AC58FAD63B}.Debug|Any CPU.Build.0 = Debug|Any CPU
		{03E7C390-7554-4EA2-A4C2-F1AC58FAD63B}.Release|Any CPU.ActiveCfg = Release|Any CPU
		{03E7C390-7554-4EA2-A4C2-F1AC58FAD63B}.Release|Any CPU.Build.0 = Release|Any CPU
		{E70B0539-F0AB-4C0C-91B2-7BA2C23890D0}.Debug|Any CPU.ActiveCfg = Debug|Any CPU
		{E70B0539-F0AB-4C0C-91B2-7BA2C23890D0}.Debug|Any CPU.Build.0 = Debug|Any CPU
		{E70B0539-F0AB-4C0C-91B2-7BA2C23890D0}.Release|Any CPU.ActiveCfg = Release|Any CPU
		{E70B0539-F0AB-4C0C-91B2-7BA2C23890D0}.Release|Any CPU.Build.0 = Release|Any CPU
		{8889C800-A45F-4D22-A11D-BA4493A6FD42}.Debug|Any CPU.ActiveCfg = Debug|Any CPU
		{8889C800-A45F-4D22-A11D-BA4493A6FD42}.Debug|Any CPU.Build.0 = Debug|Any CPU
		{8889C800-A45F-4D22-A11D-BA4493A6FD42}.Release|Any CPU.ActiveCfg = Release|Any CPU
		{8889C800-A45F-4D22-A11D-BA4493A6FD42}.Release|Any CPU.Build.0 = Release|Any CPU
		{93764356-83CA-4042-98DA-A69A8EB8DC47}.Debug|Any CPU.ActiveCfg = Debug|Any CPU
		{93764356-83CA-4042-98DA-A69A8EB8DC47}.Debug|Any CPU.Build.0 = Debug|Any CPU
		{93764356-83CA-4042-98DA-A69A8EB8DC47}.Release|Any CPU.ActiveCfg = Release|Any CPU
		{93764356-83CA-4042-98DA-A69A8EB8DC47}.Release|Any CPU.Build.0 = Release|Any CPU
	EndGlobalSection
EndGlobal
