
Microsoft Visual Studio Solution File, Format Version 12.00
Project("{2150E333-8FDC-42A3-9474-1A3956D46DE8}") = "Catalog", "Catalog", "{559D14AD-52DF-453B-91C8-5ADAFAC2FFE2}"
EndProject
Project("{FAE04EC0-301F-11D3-BF4B-00C04F79EFBC}") = "Catalog.Host", "Catalog.Host\Catalog.Host.csproj", "{EE79E7ED-26FF-4910-9268-9FD0B03B8DCB}"
EndProject
Global
	GlobalSection(SolutionConfigurationPlatforms) = preSolution
		Debug|Any CPU = Debug|Any CPU
		Release|Any CPU = Release|Any CPU
	EndGlobalSection
	GlobalSection(NestedProjects) = preSolution
		{EE79E7ED-26FF-4910-9268-9FD0B03B8DCB} = {559D14AD-52DF-453B-91C8-5ADAFAC2FFE2}
	EndGlobalSection
	GlobalSection(ProjectConfigurationPlatforms) = postSolution
		{EE79E7ED-26FF-4910-9268-9FD0B03B8DCB}.Debug|Any CPU.ActiveCfg = Debug|Any CPU
		{EE79E7ED-26FF-4910-9268-9FD0B03B8DCB}.Debug|Any CPU.Build.0 = Debug|Any CPU
		{EE79E7ED-26FF-4910-9268-9FD0B03B8DCB}.Release|Any CPU.ActiveCfg = Release|Any CPU
		{EE79E7ED-26FF-4910-9268-9FD0B03B8DCB}.Release|Any CPU.Build.0 = Release|Any CPU
	EndGlobalSection
EndGlobal
